// !$*UTF8*$!
{
	archiveVersion = 1;
	classes = {
	};
	objectVersion = 56;
	objects = {

/* Begin PBXBuildFile section */
		BBB18CED2A9F6D520094581F /* AppDelegate.swift in Sources */ = {isa = PBXBuildFile; fileRef = BBB18CEC2A9F6D520094581F /* AppDelegate.swift */; };
		BBB18CF32A9F6D520094581F /* GameScene.swift in Sources */ = {isa = PBXBuildFile; fileRef = BBB18CF22A9F6D520094581F /* GameScene.swift */; };
		BBB18CF52A9F6D520094581F /* GameViewController.swift in Sources */ = {isa = PBXBuildFile; fileRef = BBB18CF42A9F6D520094581F /* GameViewController.swift */; };
		BBB18CF82A9F6D520094581F /* Main.storyboard in Resources */ = {isa = PBXBuildFile; fileRef = BBB18CF62A9F6D520094581F /* Main.storyboard */; };
		BBB18CFA2A9F6D540094581F /* Assets.xcassets in Resources */ = {isa = PBXBuildFile; fileRef = BBB18CF92A9F6D540094581F /* Assets.xcassets */; };
		BBB18CFD2A9F6D540094581F /* LaunchScreen.storyboard in Resources */ = {isa = PBXBuildFile; fileRef = BBB18CFB2A9F6D540094581F /* LaunchScreen.storyboard */; };
		BBB18D042A9F6DAE0094581F /* EnemyType.swift in Sources */ = {isa = PBXBuildFile; fileRef = BBB18D032A9F6DAE0094581F /* EnemyType.swift */; };
		BBB18D062A9F6DBE0094581F /* Wave.swift in Sources */ = {isa = PBXBuildFile; fileRef = BBB18D052A9F6DBE0094581F /* Wave.swift */; };
		BBB18D092A9F6DDB0094581F /* EnemyNode.swift in Sources */ = {isa = PBXBuildFile; fileRef = BBB18D082A9F6DDB0094581F /* EnemyNode.swift */; };
		BBB18D0E2A9F6EBE0094581F /* Stars.sks in Resources */ = {isa = PBXBuildFile; fileRef = BBB18D0B2A9F6EBE0094581F /* Stars.sks */; };
		BBB18D0F2A9F6EBE0094581F /* Engine.sks in Resources */ = {isa = PBXBuildFile; fileRef = BBB18D0C2A9F6EBE0094581F /* Engine.sks */; };
		BBB18D102A9F6EBE0094581F /* GameScene.sks in Resources */ = {isa = PBXBuildFile; fileRef = BBB18D0D2A9F6EBE0094581F /* GameScene.sks */; };
		BBB18D132A9F724C0094581F /* Bundle-Decoding.swift in Sources */ = {isa = PBXBuildFile; fileRef = BBB18D122A9F724C0094581F /* Bundle-Decoding.swift */; };
		BBB18D152A9F72840094581F /* waves.json in Resources */ = {isa = PBXBuildFile; fileRef = BBB18D142A9F72840094581F /* waves.json */; };
		BBB18D172A9F728B0094581F /* enemy-types.json in Resources */ = {isa = PBXBuildFile; fileRef = BBB18D162A9F728B0094581F /* enemy-types.json */; };
		BBB18D192A9F88690094581F /* PlayerNode.swift in Sources */ = {isa = PBXBuildFile; fileRef = BBB18D182A9F88690094581F /* PlayerNode.swift */; };
		BBB18D282A9FBA9E0094581F /* MenuViewController.swift in Sources */ = {isa = PBXBuildFile; fileRef = BBB18D272A9FBA9E0094581F /* MenuViewController.swift */; };
		BBB18D2A2A9FBAB50094581F /* ScoresViewController.swift in Sources */ = {isa = PBXBuildFile; fileRef = BBB18D292A9FBAB50094581F /* ScoresViewController.swift */; };
		BBB18D2C2A9FC1650094581F /* MatchViewCell.swift in Sources */ = {isa = PBXBuildFile; fileRef = BBB18D2B2A9FC1650094581F /* MatchViewCell.swift */; };
		BBB18D2E2A9FC2840094581F /* Match.swift in Sources */ = {isa = PBXBuildFile; fileRef = BBB18D2D2A9FC2840094581F /* Match.swift */; };
		BBB18D302A9FC4940094581F /* SettingsViewController.swift in Sources */ = {isa = PBXBuildFile; fileRef = BBB18D2F2A9FC4940094581F /* SettingsViewController.swift */; };
		BBB18D362AA0ACDB0094581F /* Assets.xcassets in Resources */ = {isa = PBXBuildFile; fileRef = BBB18D342AA0ACDB0094581F /* Assets.xcassets */; };
		BBB18D382AA0AD300094581F /* Explosion.sks in Resources */ = {isa = PBXBuildFile; fileRef = BBB18D372AA0AD300094581F /* Explosion.sks */; };
		BBB18D3B2AA0DEEB0094581F /* PlayerMovement.swift in Sources */ = {isa = PBXBuildFile; fileRef = BBB18D3A2AA0DEEB0094581F /* PlayerMovement.swift */; };
		BBB18D3D2AA0DF040094581F /* CollisionType.swift in Sources */ = {isa = PBXBuildFile; fileRef = BBB18D3C2AA0DF040094581F /* CollisionType.swift */; };
		BBB18D452AA0DFD50094581F /* GameSetting.swift in Sources */ = {isa = PBXBuildFile; fileRef = BBB18D442AA0DFD50094581F /* GameSetting.swift */; };
		BBB18D472AA0E3150094581F /* UserDdefaults+Extension.swift in Sources */ = {isa = PBXBuildFile; fileRef = BBB18D462AA0E3150094581F /* UserDdefaults+Extension.swift */; };
		BBB18D492AA0E8980094581F /* PlayerImages.swift in Sources */ = {isa = PBXBuildFile; fileRef = BBB18D482AA0E8980094581F /* PlayerImages.swift */; };
/* End PBXBuildFile section */

/* Begin PBXFileReference section */
		BBB18CE92A9F6D510094581F /* SpaceGame.app */ = {isa = PBXFileReference; explicitFileType = wrapper.application; includeInIndex = 0; path = SpaceGame.app; sourceTree = BUILT_PRODUCTS_DIR; };
		BBB18CEC2A9F6D520094581F /* AppDelegate.swift */ = {isa = PBXFileReference; lastKnownFileType = sourcecode.swift; path = AppDelegate.swift; sourceTree = "<group>"; };
		BBB18CF22A9F6D520094581F /* GameScene.swift */ = {isa = PBXFileReference; lastKnownFileType = sourcecode.swift; path = GameScene.swift; sourceTree = "<group>"; };
		BBB18CF42A9F6D520094581F /* GameViewController.swift */ = {isa = PBXFileReference; lastKnownFileType = sourcecode.swift; path = GameViewController.swift; sourceTree = "<group>"; };
		BBB18CF72A9F6D520094581F /* Base */ = {isa = PBXFileReference; lastKnownFileType = file.storyboard; name = Base; path = Base.lproj/Main.storyboard; sourceTree = "<group>"; };
		BBB18CF92A9F6D540094581F /* Assets.xcassets */ = {isa = PBXFileReference; lastKnownFileType = folder.assetcatalog; path = Assets.xcassets; sourceTree = "<group>"; };
		BBB18CFC2A9F6D540094581F /* Base */ = {isa = PBXFileReference; lastKnownFileType = file.storyboard; name = Base; path = Base.lproj/LaunchScreen.storyboard; sourceTree = "<group>"; };
		BBB18D032A9F6DAE0094581F /* EnemyType.swift */ = {isa = PBXFileReference; lastKnownFileType = sourcecode.swift; path = EnemyType.swift; sourceTree = "<group>"; };
		BBB18D052A9F6DBE0094581F /* Wave.swift */ = {isa = PBXFileReference; lastKnownFileType = sourcecode.swift; path = Wave.swift; sourceTree = "<group>"; };
		BBB18D082A9F6DDB0094581F /* EnemyNode.swift */ = {isa = PBXFileReference; lastKnownFileType = sourcecode.swift; path = EnemyNode.swift; sourceTree = "<group>"; };
		BBB18D0B2A9F6EBE0094581F /* Stars.sks */ = {isa = PBXFileReference; lastKnownFileType = file.sks; path = Stars.sks; sourceTree = "<group>"; };
		BBB18D0C2A9F6EBE0094581F /* Engine.sks */ = {isa = PBXFileReference; lastKnownFileType = file.sks; path = Engine.sks; sourceTree = "<group>"; };
		BBB18D0D2A9F6EBE0094581F /* GameScene.sks */ = {isa = PBXFileReference; lastKnownFileType = file.sks; path = GameScene.sks; sourceTree = "<group>"; };
		BBB18D122A9F724C0094581F /* Bundle-Decoding.swift */ = {isa = PBXFileReference; lastKnownFileType = sourcecode.swift; path = "Bundle-Decoding.swift"; sourceTree = "<group>"; };
		BBB18D142A9F72840094581F /* waves.json */ = {isa = PBXFileReference; fileEncoding = 4; lastKnownFileType = text.json; path = waves.json; sourceTree = "<group>"; };
		BBB18D162A9F728B0094581F /* enemy-types.json */ = {isa = PBXFileReference; fileEncoding = 4; lastKnownFileType = text.json; path = "enemy-types.json"; sourceTree = "<group>"; };
		BBB18D182A9F88690094581F /* PlayerNode.swift */ = {isa = PBXFileReference; lastKnownFileType = sourcecode.swift; path = PlayerNode.swift; sourceTree = "<group>"; };
		BBB18D272A9FBA9E0094581F /* MenuViewController.swift */ = {isa = PBXFileReference; lastKnownFileType = sourcecode.swift; path = MenuViewController.swift; sourceTree = "<group>"; };
		BBB18D292A9FBAB50094581F /* ScoresViewController.swift */ = {isa = PBXFileReference; lastKnownFileType = sourcecode.swift; path = ScoresViewController.swift; sourceTree = "<group>"; };
		BBB18D2B2A9FC1650094581F /* MatchViewCell.swift */ = {isa = PBXFileReference; lastKnownFileType = sourcecode.swift; path = MatchViewCell.swift; sourceTree = "<group>"; };
		BBB18D2D2A9FC2840094581F /* Match.swift */ = {isa = PBXFileReference; lastKnownFileType = sourcecode.swift; path = Match.swift; sourceTree = "<group>"; };
		BBB18D2F2A9FC4940094581F /* SettingsViewController.swift */ = {isa = PBXFileReference; lastKnownFileType = sourcecode.swift; path = SettingsViewController.swift; sourceTree = "<group>"; };
		BBB18D342AA0ACDB0094581F /* Assets.xcassets */ = {isa = PBXFileReference; lastKnownFileType = folder.assetcatalog; path = Assets.xcassets; sourceTree = "<group>"; };
		BBB18D372AA0AD300094581F /* Explosion.sks */ = {isa = PBXFileReference; lastKnownFileType = file.sks; path = Explosion.sks; sourceTree = "<group>"; };
		BBB18D3A2AA0DEEB0094581F /* PlayerMovement.swift */ = {isa = PBXFileReference; lastKnownFileType = sourcecode.swift; path = PlayerMovement.swift; sourceTree = "<group>"; };
		BBB18D3C2AA0DF040094581F /* CollisionType.swift */ = {isa = PBXFileReference; lastKnownFileType = sourcecode.swift; path = CollisionType.swift; sourceTree = "<group>"; };
		BBB18D442AA0DFD50094581F /* GameSetting.swift */ = {isa = PBXFileReference; lastKnownFileType = sourcecode.swift; path = GameSetting.swift; sourceTree = "<group>"; };
		BBB18D462AA0E3150094581F /* UserDdefaults+Extension.swift */ = {isa = PBXFileReference; lastKnownFileType = sourcecode.swift; path = "UserDdefaults+Extension.swift"; sourceTree = "<group>"; };
		BBB18D482AA0E8980094581F /* PlayerImages.swift */ = {isa = PBXFileReference; lastKnownFileType = sourcecode.swift; path = PlayerImages.swift; sourceTree = "<group>"; };
/* End PBXFileReference section */

/* Begin PBXFrameworksBuildPhase section */
		BBB18CE62A9F6D510094581F /* Frameworks */ = {
			isa = PBXFrameworksBuildPhase;
			buildActionMask = 2147483647;
			files = (
			);
			runOnlyForDeploymentPostprocessing = 0;
		};
/* End PBXFrameworksBuildPhase section */

/* Begin PBXGroup section */
		BBB18CE02A9F6D510094581F = {
			isa = PBXGroup;
			children = (
				BBB18CEB2A9F6D510094581F /* SpaceGame */,
				BBB18CEA2A9F6D510094581F /* Products */,
			);
			sourceTree = "<group>";
		};
		BBB18CEA2A9F6D510094581F /* Products */ = {
			isa = PBXGroup;
			children = (
				BBB18CE92A9F6D510094581F /* SpaceGame.app */,
			);
			name = Products;
			sourceTree = "<group>";
		};
		BBB18CEB2A9F6D510094581F /* SpaceGame */ = {
			isa = PBXGroup;
			children = (
				BBB18CEC2A9F6D520094581F /* AppDelegate.swift */,
				BBB18D412AA0DF740094581F /* Utility */,
				BBB18D402AA0DF5C0094581F /* Model */,
				BBB18D3F2AA0DF3F0094581F /* Cells */,
				BBB18D3E2AA0DF170094581F /* ViewControllers */,
				BBB18D392AA0DED90094581F /* ENUMS */,
				BBB18D072A9F6DC70094581F /* Nodes */,
				BBB18D112A9F6EFD0094581F /* Extensions */,
				BBB18D0A2A9F6E0F0094581F /* SKScene */,
				BBB18CF62A9F6D520094581F /* Main.storyboard */,
				BBB18CF92A9F6D540094581F /* Assets.xcassets */,
				BBB18CFB2A9F6D540094581F /* LaunchScreen.storyboard */,
			);
			path = SpaceGame;
			sourceTree = "<group>";
		};
		BBB18D072A9F6DC70094581F /* Nodes */ = {
			isa = PBXGroup;
			children = (
				BBB18D082A9F6DDB0094581F /* EnemyNode.swift */,
				BBB18D182A9F88690094581F /* PlayerNode.swift */,
			);
			path = Nodes;
			sourceTree = "<group>";
		};
		BBB18D0A2A9F6E0F0094581F /* SKScene */ = {
			isa = PBXGroup;
			children = (
				BBB18D0C2A9F6EBE0094581F /* Engine.sks */,
				BBB18D372AA0AD300094581F /* Explosion.sks */,
				BBB18D342AA0ACDB0094581F /* Assets.xcassets */,
				BBB18D0D2A9F6EBE0094581F /* GameScene.sks */,
				BBB18D0B2A9F6EBE0094581F /* Stars.sks */,
			);
			path = SKScene;
			sourceTree = "<group>";
		};
		BBB18D112A9F6EFD0094581F /* Extensions */ = {
			isa = PBXGroup;
			children = (
				BBB18D122A9F724C0094581F /* Bundle-Decoding.swift */,
				BBB18D462AA0E3150094581F /* UserDdefaults+Extension.swift */,
			);
			path = Extensions;
			sourceTree = "<group>";
		};
		BBB18D392AA0DED90094581F /* ENUMS */ = {
			isa = PBXGroup;
			children = (
				BBB18D482AA0E8980094581F /* PlayerImages.swift */,
				BBB18D3A2AA0DEEB0094581F /* PlayerMovement.swift */,
				BBB18D3C2AA0DF040094581F /* CollisionType.swift */,
			);
			path = ENUMS;
			sourceTree = "<group>";
		};
		BBB18D3E2AA0DF170094581F /* ViewControllers */ = {
			isa = PBXGroup;
			children = (
				BBB18D422AA0DF8B0094581F /* GAME SCENE */,
				BBB18CF42A9F6D520094581F /* GameViewController.swift */,
				BBB18D272A9FBA9E0094581F /* MenuViewController.swift */,
				BBB18D2F2A9FC4940094581F /* SettingsViewController.swift */,
				BBB18D292A9FBAB50094581F /* ScoresViewController.swift */,
			);
			path = ViewControllers;
			sourceTree = "<group>";
		};
		BBB18D3F2AA0DF3F0094581F /* Cells */ = {
			isa = PBXGroup;
			children = (
				BBB18D2B2A9FC1650094581F /* MatchViewCell.swift */,
			);
			path = Cells;
			sourceTree = "<group>";
		};
		BBB18D402AA0DF5C0094581F /* Model */ = {
			isa = PBXGroup;
			children = (
				BBB18D432AA0DFC00094581F /* Managers */,
				BBB18D2D2A9FC2840094581F /* Match.swift */,
				BBB18D032A9F6DAE0094581F /* EnemyType.swift */,
				BBB18D052A9F6DBE0094581F /* Wave.swift */,
			);
			path = Model;
			sourceTree = "<group>";
		};
		BBB18D412AA0DF740094581F /* Utility */ = {
			isa = PBXGroup;
			children = (
				BBB18D142A9F72840094581F /* waves.json */,
				BBB18D162A9F728B0094581F /* enemy-types.json */,
			);
			path = Utility;
			sourceTree = "<group>";
		};
		BBB18D422AA0DF8B0094581F /* GAME SCENE */ = {
			isa = PBXGroup;
			children = (
				BBB18CF22A9F6D520094581F /* GameScene.swift */,
			);
			path = "GAME SCENE";
			sourceTree = "<group>";
		};
		BBB18D432AA0DFC00094581F /* Managers */ = {
			isa = PBXGroup;
			children = (
				BBB18D442AA0DFD50094581F /* GameSetting.swift */,
			);
			path = Managers;
			sourceTree = "<group>";
		};
/* End PBXGroup section */

/* Begin PBXNativeTarget section */
		BBB18CE82A9F6D510094581F /* SpaceGame */ = {
			isa = PBXNativeTarget;
			buildConfigurationList = BBB18D002A9F6D540094581F /* Build configuration list for PBXNativeTarget "SpaceGame" */;
			buildPhases = (
				BBB18CE52A9F6D510094581F /* Sources */,
				BBB18CE62A9F6D510094581F /* Frameworks */,
				BBB18CE72A9F6D510094581F /* Resources */,
			);
			buildRules = (
			);
			dependencies = (
			);
			name = SpaceGame;
			productName = SpaceGame;
			productReference = BBB18CE92A9F6D510094581F /* SpaceGame.app */;
			productType = "com.apple.product-type.application";
		};
/* End PBXNativeTarget section */

/* Begin PBXProject section */
		BBB18CE12A9F6D510094581F /* Project object */ = {
			isa = PBXProject;
			attributes = {
				BuildIndependentTargetsInParallel = 1;
				LastSwiftUpdateCheck = 1420;
				LastUpgradeCheck = 1420;
				TargetAttributes = {
					BBB18CE82A9F6D510094581F = {
						CreatedOnToolsVersion = 14.2;
					};
				};
			};
			buildConfigurationList = BBB18CE42A9F6D510094581F /* Build configuration list for PBXProject "SpaceGame" */;
			compatibilityVersion = "Xcode 14.0";
			developmentRegion = en;
			hasScannedForEncodings = 0;
			knownRegions = (
				en,
				Base,
			);
			mainGroup = BBB18CE02A9F6D510094581F;
			productRefGroup = BBB18CEA2A9F6D510094581F /* Products */;
			projectDirPath = "";
			projectRoot = "";
			targets = (
				BBB18CE82A9F6D510094581F /* SpaceGame */,
			);
		};
/* End PBXProject section */

/* Begin PBXResourcesBuildPhase section */
		BBB18CE72A9F6D510094581F /* Resources */ = {
			isa = PBXResourcesBuildPhase;
			buildActionMask = 2147483647;
			files = (
				BBB18D172A9F728B0094581F /* enemy-types.json in Resources */,
				BBB18CF82A9F6D520094581F /* Main.storyboard in Resources */,
				BBB18D382AA0AD300094581F /* Explosion.sks in Resources */,
				BBB18D0E2A9F6EBE0094581F /* Stars.sks in Resources */,
				BBB18D152A9F72840094581F /* waves.json in Resources */,
				BBB18D362AA0ACDB0094581F /* Assets.xcassets in Resources */,
				BBB18CFA2A9F6D540094581F /* Assets.xcassets in Resources */,
				BBB18CFD2A9F6D540094581F /* LaunchScreen.storyboard in Resources */,
				BBB18D102A9F6EBE0094581F /* GameScene.sks in Resources */,
				BBB18D0F2A9F6EBE0094581F /* Engine.sks in Resources */,
			);
			runOnlyForDeploymentPostprocessing = 0;
		};
/* End PBXResourcesBuildPhase section */

/* Begin PBXSourcesBuildPhase section */
		BBB18CE52A9F6D510094581F /* Sources */ = {
			isa = PBXSourcesBuildPhase;
			buildActionMask = 2147483647;
			files = (
				BBB18CF32A9F6D520094581F /* GameScene.swift in Sources */,
				BBB18D3B2AA0DEEB0094581F /* PlayerMovement.swift in Sources */,
				BBB18D492AA0E8980094581F /* PlayerImages.swift in Sources */,
				BBB18D062A9F6DBE0094581F /* Wave.swift in Sources */,
				BBB18CF52A9F6D520094581F /* GameViewController.swift in Sources */,
				BBB18D452AA0DFD50094581F /* GameSetting.swift in Sources */,
				BBB18D2A2A9FBAB50094581F /* ScoresViewController.swift in Sources */,
				BBB18D042A9F6DAE0094581F /* EnemyType.swift in Sources */,
				BBB18D3D2AA0DF040094581F /* CollisionType.swift in Sources */,
				BBB18D282A9FBA9E0094581F /* MenuViewController.swift in Sources */,
				BBB18D132A9F724C0094581F /* Bundle-Decoding.swift in Sources */,
				BBB18D472AA0E3150094581F /* UserDdefaults+Extension.swift in Sources */,
				BBB18D092A9F6DDB0094581F /* EnemyNode.swift in Sources */,
				BBB18D192A9F88690094581F /* PlayerNode.swift in Sources */,
				BBB18D2C2A9FC1650094581F /* MatchViewCell.swift in Sources */,
				BBB18D302A9FC4940094581F /* SettingsViewController.swift in Sources */,
				BBB18CED2A9F6D520094581F /* AppDelegate.swift in Sources */,
				BBB18D2E2A9FC2840094581F /* Match.swift in Sources */,
			);
			runOnlyForDeploymentPostprocessing = 0;
		};
/* End PBXSourcesBuildPhase section */

/* Begin PBXVariantGroup section */
		BBB18CF62A9F6D520094581F /* Main.storyboard */ = {
			isa = PBXVariantGroup;
			children = (
				BBB18CF72A9F6D520094581F /* Base */,
			);
			name = Main.storyboard;
			sourceTree = "<group>";
		};
		BBB18CFB2A9F6D540094581F /* LaunchScreen.storyboard */ = {
			isa = PBXVariantGroup;
			children = (
				BBB18CFC2A9F6D540094581F /* Base */,
			);
			name = LaunchScreen.storyboard;
			sourceTree = "<group>";
		};
/* End PBXVariantGroup section */

/* Begin XCBuildConfiguration section */
		BBB18CFE2A9F6D540094581F /* Debug */ = {
			isa = XCBuildConfiguration;
			buildSettings = {
				ALWAYS_SEARCH_USER_PATHS = NO;
				CLANG_ANALYZER_NONNULL = YES;
				CLANG_ANALYZER_NUMBER_OBJECT_CONVERSION = YES_AGGRESSIVE;
				CLANG_CXX_LANGUAGE_STANDARD = "gnu++20";
				CLANG_ENABLE_MODULES = YES;
				CLANG_ENABLE_OBJC_ARC = YES;
				CLANG_ENABLE_OBJC_WEAK = YES;
				CLANG_WARN_BLOCK_CAPTURE_AUTORELEASING = YES;
				CLANG_WARN_BOOL_CONVERSION = YES;
				CLANG_WARN_COMMA = YES;
				CLANG_WARN_CONSTANT_CONVERSION = YES;
				CLANG_WARN_DEPRECATED_OBJC_IMPLEMENTATIONS = YES;
				CLANG_WARN_DIRECT_OBJC_ISA_USAGE = YES_ERROR;
				CLANG_WARN_DOCUMENTATION_COMMENTS = YES;
				CLANG_WARN_EMPTY_BODY = YES;
				CLANG_WARN_ENUM_CONVERSION = YES;
				CLANG_WARN_INFINITE_RECURSION = YES;
				CLANG_WARN_INT_CONVERSION = YES;
				CLANG_WARN_NON_LITERAL_NULL_CONVERSION = YES;
				CLANG_WARN_OBJC_IMPLICIT_RETAIN_SELF = YES;
				CLANG_WARN_OBJC_LITERAL_CONVERSION = YES;
				CLANG_WARN_OBJC_ROOT_CLASS = YES_ERROR;
				CLANG_WARN_QUOTED_INCLUDE_IN_FRAMEWORK_HEADER = YES;
				CLANG_WARN_RANGE_LOOP_ANALYSIS = YES;
				CLANG_WARN_STRICT_PROTOTYPES = YES;
				CLANG_WARN_SUSPICIOUS_MOVE = YES;
				CLANG_WARN_UNGUARDED_AVAILABILITY = YES_AGGRESSIVE;
				CLANG_WARN_UNREACHABLE_CODE = YES;
				CLANG_WARN__DUPLICATE_METHOD_MATCH = YES;
				COPY_PHASE_STRIP = NO;
				DEBUG_INFORMATION_FORMAT = dwarf;
				ENABLE_STRICT_OBJC_MSGSEND = YES;
				ENABLE_TESTABILITY = YES;
				GCC_C_LANGUAGE_STANDARD = gnu11;
				GCC_DYNAMIC_NO_PIC = NO;
				GCC_NO_COMMON_BLOCKS = YES;
				GCC_OPTIMIZATION_LEVEL = 0;
				GCC_PREPROCESSOR_DEFINITIONS = (
					"DEBUG=1",
					"$(inherited)",
				);
				GCC_WARN_64_TO_32_BIT_CONVERSION = YES;
				GCC_WARN_ABOUT_RETURN_TYPE = YES_ERROR;
				GCC_WARN_UNDECLARED_SELECTOR = YES;
				GCC_WARN_UNINITIALIZED_AUTOS = YES_AGGRESSIVE;
				GCC_WARN_UNUSED_FUNCTION = YES;
				GCC_WARN_UNUSED_VARIABLE = YES;
				IPHONEOS_DEPLOYMENT_TARGET = 16.2;
				MTL_ENABLE_DEBUG_INFO = INCLUDE_SOURCE;
				MTL_FAST_MATH = YES;
				ONLY_ACTIVE_ARCH = YES;
				SDKROOT = iphoneos;
				SWIFT_ACTIVE_COMPILATION_CONDITIONS = DEBUG;
				SWIFT_OPTIMIZATION_LEVEL = "-Onone";
			};
			name = Debug;
		};
		BBB18CFF2A9F6D540094581F /* Release */ = {
			isa = XCBuildConfiguration;
			buildSettings = {
				ALWAYS_SEARCH_USER_PATHS = NO;
				CLANG_ANALYZER_NONNULL = YES;
				CLANG_ANALYZER_NUMBER_OBJECT_CONVERSION = YES_AGGRESSIVE;
				CLANG_CXX_LANGUAGE_STANDARD = "gnu++20";
				CLANG_ENABLE_MODULES = YES;
				CLANG_ENABLE_OBJC_ARC = YES;
				CLANG_ENABLE_OBJC_WEAK = YES;
				CLANG_WARN_BLOCK_CAPTURE_AUTORELEASING = YES;
				CLANG_WARN_BOOL_CONVERSION = YES;
				CLANG_WARN_COMMA = YES;
				CLANG_WARN_CONSTANT_CONVERSION = YES;
				CLANG_WARN_DEPRECATED_OBJC_IMPLEMENTATIONS = YES;
				CLANG_WARN_DIRECT_OBJC_ISA_USAGE = YES_ERROR;
				CLANG_WARN_DOCUMENTATION_COMMENTS = YES;
				CLANG_WARN_EMPTY_BODY = YES;
				CLANG_WARN_ENUM_CONVERSION = YES;
				CLANG_WARN_INFINITE_RECURSION = YES;
				CLANG_WARN_INT_CONVERSION = YES;
				CLANG_WARN_NON_LITERAL_NULL_CONVERSION = YES;
				CLANG_WARN_OBJC_IMPLICIT_RETAIN_SELF = YES;
				CLANG_WARN_OBJC_LITERAL_CONVERSION = YES;
				CLANG_WARN_OBJC_ROOT_CLASS = YES_ERROR;
				CLANG_WARN_QUOTED_INCLUDE_IN_FRAMEWORK_HEADER = YES;
				CLANG_WARN_RANGE_LOOP_ANALYSIS = YES;
				CLANG_WARN_STRICT_PROTOTYPES = YES;
				CLANG_WARN_SUSPICIOUS_MOVE = YES;
				CLANG_WARN_UNGUARDED_AVAILABILITY = YES_AGGRESSIVE;
				CLANG_WARN_UNREACHABLE_CODE = YES;
				CLANG_WARN__DUPLICATE_METHOD_MATCH = YES;
				COPY_PHASE_STRIP = NO;
				DEBUG_INFORMATION_FORMAT = "dwarf-with-dsym";
				ENABLE_NS_ASSERTIONS = NO;
				ENABLE_STRICT_OBJC_MSGSEND = YES;
				GCC_C_LANGUAGE_STANDARD = gnu11;
				GCC_NO_COMMON_BLOCKS = YES;
				GCC_WARN_64_TO_32_BIT_CONVERSION = YES;
				GCC_WARN_ABOUT_RETURN_TYPE = YES_ERROR;
				GCC_WARN_UNDECLARED_SELECTOR = YES;
				GCC_WARN_UNINITIALIZED_AUTOS = YES_AGGRESSIVE;
				GCC_WARN_UNUSED_FUNCTION = YES;
				GCC_WARN_UNUSED_VARIABLE = YES;
				IPHONEOS_DEPLOYMENT_TARGET = 16.2;
				MTL_ENABLE_DEBUG_INFO = NO;
				MTL_FAST_MATH = YES;
				SDKROOT = iphoneos;
				SWIFT_COMPILATION_MODE = wholemodule;
				SWIFT_OPTIMIZATION_LEVEL = "-O";
				VALIDATE_PRODUCT = YES;
			};
			name = Release;
		};
		BBB18D012A9F6D540094581F /* Debug */ = {
			isa = XCBuildConfiguration;
			buildSettings = {
				ASSETCATALOG_COMPILER_APPICON_NAME = AppIcon;
				ASSETCATALOG_COMPILER_GLOBAL_ACCENT_COLOR_NAME = AccentColor;
				CODE_SIGN_STYLE = Automatic;
				CURRENT_PROJECT_VERSION = 1;
				DEVELOPMENT_TEAM = CF99F4BS2C;
				GENERATE_INFOPLIST_FILE = YES;
				INFOPLIST_KEY_UIApplicationSupportsIndirectInputEvents = YES;
				INFOPLIST_KEY_UILaunchStoryboardName = LaunchScreen;
				INFOPLIST_KEY_UIMainStoryboardFile = Main;
				INFOPLIST_KEY_UIStatusBarHidden = YES;
				INFOPLIST_KEY_UISupportedInterfaceOrientations_iPad = "UIInterfaceOrientationPortrait UIInterfaceOrientationPortraitUpsideDown UIInterfaceOrientationLandscapeLeft UIInterfaceOrientationLandscapeRight";
				INFOPLIST_KEY_UISupportedInterfaceOrientations_iPhone = "UIInterfaceOrientationPortrait UIInterfaceOrientationLandscapeLeft UIInterfaceOrientationLandscapeRight";
				LD_RUNPATH_SEARCH_PATHS = (
					"$(inherited)",
					"@executable_path/Frameworks",
				);
				MARKETING_VERSION = 1.0;
				PRODUCT_BUNDLE_IDENTIFIER = co.hankovich.SpaceGame;
				PRODUCT_NAME = "$(TARGET_NAME)";
				SWIFT_EMIT_LOC_STRINGS = YES;
				SWIFT_VERSION = 5.0;
				TARGETED_DEVICE_FAMILY = "1,2";
			};
			name = Debug;
		};
		BBB18D022A9F6D540094581F /* Release */ = {
			isa = XCBuildConfiguration;
			buildSettings = {
				ASSETCATALOG_COMPILER_APPICON_NAME = AppIcon;
				ASSETCATALOG_COMPILER_GLOBAL_ACCENT_COLOR_NAME = AccentColor;
				CODE_SIGN_STYLE = Automatic;
				CURRENT_PROJECT_VERSION = 1;
				DEVELOPMENT_TEAM = CF99F4BS2C;
				GENERATE_INFOPLIST_FILE = YES;
				INFOPLIST_KEY_UIApplicationSupportsIndirectInputEvents = YES;
				INFOPLIST_KEY_UILaunchStoryboardName = LaunchScreen;
				INFOPLIST_KEY_UIMainStoryboardFile = Main;
				INFOPLIST_KEY_UIStatusBarHidden = YES;
				INFOPLIST_KEY_UISupportedInterfaceOrientations_iPad = "UIInterfaceOrientationPortrait UIInterfaceOrientationPortraitUpsideDown UIInterfaceOrientationLandscapeLeft UIInterfaceOrientationLandscapeRight";
				INFOPLIST_KEY_UISupportedInterfaceOrientations_iPhone = "UIInterfaceOrientationPortrait UIInterfaceOrientationLandscapeLeft UIInterfaceOrientationLandscapeRight";
				LD_RUNPATH_SEARCH_PATHS = (
					"$(inherited)",
					"@executable_path/Frameworks",
				);
				MARKETING_VERSION = 1.0;
				PRODUCT_BUNDLE_IDENTIFIER = co.hankovich.SpaceGame;
				PRODUCT_NAME = "$(TARGET_NAME)";
				SWIFT_EMIT_LOC_STRINGS = YES;
				SWIFT_VERSION = 5.0;
				TARGETED_DEVICE_FAMILY = "1,2";
			};
			name = Release;
		};
/* End XCBuildConfiguration section */

/* Begin XCConfigurationList section */
		BBB18CE42A9F6D510094581F /* Build configuration list for PBXProject "SpaceGame" */ = {
			isa = XCConfigurationList;
			buildConfigurations = (
				BBB18CFE2A9F6D540094581F /* Debug */,
				BBB18CFF2A9F6D540094581F /* Release */,
			);
			defaultConfigurationIsVisible = 0;
			defaultConfigurationName = Release;
		};
		BBB18D002A9F6D540094581F /* Build configuration list for PBXNativeTarget "SpaceGame" */ = {
			isa = XCConfigurationList;
			buildConfigurations = (
				BBB18D012A9F6D540094581F /* Debug */,
				BBB18D022A9F6D540094581F /* Release */,
			);
			defaultConfigurationIsVisible = 0;
			defaultConfigurationName = Release;
		};
/* End XCConfigurationList section */
	};
	rootObject = BBB18CE12A9F6D510094581F /* Project object */;
}
